// !$*UTF8*$!
{
	archiveVersion = 1;
	classes = {
	};
	objectVersion = 46;
	objects = {

/* Begin PBXBuildFile section */
		11362E211AAF5EB80038A6E3 /* HC_Tutorial1.swift in Sources */ = {isa = PBXBuildFile; fileRef = 11362E201AAF5EB80038A6E3 /* HC_Tutorial1.swift */; };
		114200E71A9FC2F900DB5B11 /* AppDelegate.swift in Sources */ = {isa = PBXBuildFile; fileRef = 114200E61A9FC2F900DB5B11 /* AppDelegate.swift */; };
		114200E91A9FC2F900DB5B11 /* HC_MainViewController.swift in Sources */ = {isa = PBXBuildFile; fileRef = 114200E81A9FC2F900DB5B11 /* HC_MainViewController.swift */; };
		114200EC1A9FC2F900DB5B11 /* Main.storyboard in Resources */ = {isa = PBXBuildFile; fileRef = 114200EA1A9FC2F900DB5B11 /* Main.storyboard */; };
		114200EE1A9FC2F900DB5B11 /* Images.xcassets in Resources */ = {isa = PBXBuildFile; fileRef = 114200ED1A9FC2F900DB5B11 /* Images.xcassets */; };
		115BC0601AC068FC00D8684D /* HC_PageViewController.swift in Sources */ = {isa = PBXBuildFile; fileRef = 115BC05F1AC068FC00D8684D /* HC_PageViewController.swift */; };
		11B26A911B28C95E009FCB46 /* MyriadPro-Regular.otf in Resources */ = {isa = PBXBuildFile; fileRef = 11B26A901B28C93B009FCB46 /* MyriadPro-Regular.otf */; };
		11D20DD11AA77DC5003E1403 /* HC_CameraView.swift in Sources */ = {isa = PBXBuildFile; fileRef = 11D20DD01AA77DC5003E1403 /* HC_CameraView.swift */; };
		11DF51B41AA91AA20038BCDA /* HC_WelcomeView.swift in Sources */ = {isa = PBXBuildFile; fileRef = 11DF51B31AA91AA20038BCDA /* HC_WelcomeView.swift */; };
/* End PBXBuildFile section */

/* Begin PBXFileReference section */
		11362E201AAF5EB80038A6E3 /* HC_Tutorial1.swift */ = {isa = PBXFileReference; fileEncoding = 4; lastKnownFileType = sourcecode.swift; path = HC_Tutorial1.swift; sourceTree = "<group>"; };
		114200E11A9FC2F900DB5B11 /* HackCam.app */ = {isa = PBXFileReference; explicitFileType = wrapper.application; includeInIndex = 0; path = HackCam.app; sourceTree = BUILT_PRODUCTS_DIR; };
		114200E51A9FC2F900DB5B11 /* Info.plist */ = {isa = PBXFileReference; lastKnownFileType = text.plist.xml; path = Info.plist; sourceTree = "<group>"; };
		114200E61A9FC2F900DB5B11 /* AppDelegate.swift */ = {isa = PBXFileReference; lastKnownFileType = sourcecode.swift; path = AppDelegate.swift; sourceTree = "<group>"; };
		114200E81A9FC2F900DB5B11 /* HC_MainViewController.swift */ = {isa = PBXFileReference; lastKnownFileType = sourcecode.swift; path = HC_MainViewController.swift; sourceTree = "<group>"; };
		114200EB1A9FC2F900DB5B11 /* Base */ = {isa = PBXFileReference; lastKnownFileType = file.storyboard; name = Base; path = Base.lproj/Main.storyboard; sourceTree = "<group>"; };
		114200ED1A9FC2F900DB5B11 /* Images.xcassets */ = {isa = PBXFileReference; lastKnownFileType = folder.assetcatalog; path = Images.xcassets; sourceTree = "<group>"; };
		114200FB1A9FC2F900DB5B11 /* Info.plist */ = {isa = PBXFileReference; lastKnownFileType = text.plist; name = Info.plist; path = HackCamTests/Info.plist; sourceTree = "<group>"; };
		114200FC1A9FC2F900DB5B11 /* HackCamTests.swift */ = {isa = PBXFileReference; lastKnownFileType = sourcecode.swift; name = HackCamTests.swift; path = HackCamTests/HackCamTests.swift; sourceTree = "<group>"; };
		115BC05F1AC068FC00D8684D /* HC_PageViewController.swift */ = {isa = PBXFileReference; fileEncoding = 4; lastKnownFileType = sourcecode.swift; path = HC_PageViewController.swift; sourceTree = "<group>"; };
		11B26A901B28C93B009FCB46 /* MyriadPro-Regular.otf */ = {isa = PBXFileReference; lastKnownFileType = file; path = "MyriadPro-Regular.otf"; sourceTree = "<group>"; };
		11D20DD01AA77DC5003E1403 /* HC_CameraView.swift */ = {isa = PBXFileReference; fileEncoding = 4; lastKnownFileType = sourcecode.swift; name = HC_CameraView.swift; path = ../HC_CameraView.swift; sourceTree = "<group>"; };
		11DF51B31AA91AA20038BCDA /* HC_WelcomeView.swift */ = {isa = PBXFileReference; fileEncoding = 4; lastKnownFileType = sourcecode.swift; path = HC_WelcomeView.swift; sourceTree = "<group>"; };
/* End PBXFileReference section */

/* Begin PBXFrameworksBuildPhase section */
		114200DE1A9FC2F900DB5B11 /* Frameworks */ = {
			isa = PBXFrameworksBuildPhase;
			buildActionMask = 2147483647;
			files = (
			);
			runOnlyForDeploymentPostprocessing = 0;
		};
/* End PBXFrameworksBuildPhase section */

/* Begin PBXGroup section */
		114200D81A9FC2F900DB5B11 = {
			isa = PBXGroup;
			children = (
				114200E31A9FC2F900DB5B11 /* HackCam */,
				114200F91A9FC2F900DB5B11 /* HackCamTests */,
				114200E21A9FC2F900DB5B11 /* Products */,
			);
			sourceTree = "<group>";
		};
		114200E21A9FC2F900DB5B11 /* Products */ = {
			isa = PBXGroup;
			children = (
				114200E11A9FC2F900DB5B11 /* HackCam.app */,
			);
			name = Products;
			sourceTree = "<group>";
		};
		114200E31A9FC2F900DB5B11 /* HackCam */ = {
			isa = PBXGroup;
			children = (
				11B26A8F1B28C8EF009FCB46 /* Fonts */,
				114200E61A9FC2F900DB5B11 /* AppDelegate.swift */,
				114200E81A9FC2F900DB5B11 /* HC_MainViewController.swift */,
				11D20DD01AA77DC5003E1403 /* HC_CameraView.swift */,
				114200EA1A9FC2F900DB5B11 /* Main.storyboard */,
				11DF51B31AA91AA20038BCDA /* HC_WelcomeView.swift */,
				11362E201AAF5EB80038A6E3 /* HC_Tutorial1.swift */,
				115BC05F1AC068FC00D8684D /* HC_PageViewController.swift */,
				114200ED1A9FC2F900DB5B11 /* Images.xcassets */,
				114200E41A9FC2F900DB5B11 /* Supporting Files */,
			);
			path = HackCam;
			sourceTree = "<group>";
		};
		114200E41A9FC2F900DB5B11 /* Supporting Files */ = {
			isa = PBXGroup;
			children = (
				114200E51A9FC2F900DB5B11 /* Info.plist */,
			);
			name = "Supporting Files";
			sourceTree = "<group>";
		};
		114200F91A9FC2F900DB5B11 /* HackCamTests */ = {
			isa = PBXGroup;
			children = (
				114200FC1A9FC2F900DB5B11 /* HackCamTests.swift */,
				114200FA1A9FC2F900DB5B11 /* Supporting Files */,
			);
			name = HackCamTests;
			path = SimpleCameraTests;
			sourceTree = "<group>";
		};
		114200FA1A9FC2F900DB5B11 /* Supporting Files */ = {
			isa = PBXGroup;
			children = (
				114200FB1A9FC2F900DB5B11 /* Info.plist */,
			);
			name = "Supporting Files";
			sourceTree = "<group>";
		};
		11B26A8F1B28C8EF009FCB46 /* Fonts */ = {
			isa = PBXGroup;
			children = (
				11B26A901B28C93B009FCB46 /* MyriadPro-Regular.otf */,
			);
			name = Fonts;
			sourceTree = "<group>";
		};
/* End PBXGroup section */

/* Begin PBXNativeTarget section */
		114200E01A9FC2F900DB5B11 /* HackCam */ = {
			isa = PBXNativeTarget;
			buildConfigurationList = 114201001A9FC2F900DB5B11 /* Build configuration list for PBXNativeTarget "HackCam" */;
			buildPhases = (
				114200DD1A9FC2F900DB5B11 /* Sources */,
				114200DE1A9FC2F900DB5B11 /* Frameworks */,
				114200DF1A9FC2F900DB5B11 /* Resources */,
			);
			buildRules = (
			);
			dependencies = (
			);
			name = HackCam;
			productName = SimpleCamera;
			productReference = 114200E11A9FC2F900DB5B11 /* HackCam.app */;
			productType = "com.apple.product-type.application";
		};
/* End PBXNativeTarget section */

/* Begin PBXProject section */
		114200D91A9FC2F900DB5B11 /* Project object */ = {
			isa = PBXProject;
			attributes = {
				LastUpgradeCheck = 0630;
				ORGANIZATIONNAME = "Clarence Ji";
				TargetAttributes = {
					114200E01A9FC2F900DB5B11 = {
						CreatedOnToolsVersion = 6.3;
						DevelopmentTeam = G6TTA6H999;
					};
				};
			};
			buildConfigurationList = 114200DC1A9FC2F900DB5B11 /* Build configuration list for PBXProject "HackCam" */;
			compatibilityVersion = "Xcode 3.2";
			developmentRegion = English;
			hasScannedForEncodings = 0;
			knownRegions = (
				en,
				Base,
			);
			mainGroup = 114200D81A9FC2F900DB5B11;
			productRefGroup = 114200E21A9FC2F900DB5B11 /* Products */;
			projectDirPath = "";
			projectRoot = "";
			targets = (
				114200E01A9FC2F900DB5B11 /* HackCam */,
			);
		};
/* End PBXProject section */

/* Begin PBXResourcesBuildPhase section */
		114200DF1A9FC2F900DB5B11 /* Resources */ = {
			isa = PBXResourcesBuildPhase;
			buildActionMask = 2147483647;
			files = (
				11B26A911B28C95E009FCB46 /* MyriadPro-Regular.otf in Resources */,
				114200EC1A9FC2F900DB5B11 /* Main.storyboard in Resources */,
				114200EE1A9FC2F900DB5B11 /* Images.xcassets in Resources */,
			);
			runOnlyForDeploymentPostprocessing = 0;
		};
/* End PBXResourcesBuildPhase section */

/* Begin PBXSourcesBuildPhase section */
		114200DD1A9FC2F900DB5B11 /* Sources */ = {
			isa = PBXSourcesBuildPhase;
			buildActionMask = 2147483647;
			files = (
				115BC0601AC068FC00D8684D /* HC_PageViewController.swift in Sources */,
				114200E91A9FC2F900DB5B11 /* HC_MainViewController.swift in Sources */,
				114200E71A9FC2F900DB5B11 /* AppDelegate.swift in Sources */,
				11DF51B41AA91AA20038BCDA /* HC_WelcomeView.swift in Sources */,
				11D20DD11AA77DC5003E1403 /* HC_CameraView.swift in Sources */,
				11362E211AAF5EB80038A6E3 /* HC_Tutorial1.swift in Sources */,
			);
			runOnlyForDeploymentPostprocessing = 0;
		};
/* End PBXSourcesBuildPhase section */

/* Begin PBXVariantGroup section */
		114200EA1A9FC2F900DB5B11 /* Main.storyboard */ = {
			isa = PBXVariantGroup;
			children = (
				114200EB1A9FC2F900DB5B11 /* Base */,
			);
			name = Main.storyboard;
			sourceTree = "<group>";
		};
/* End PBXVariantGroup section */

/* Begin XCBuildConfiguration section */
		114200FE1A9FC2F900DB5B11 /* Debug */ = {
			isa = XCBuildConfiguration;
			buildSettings = {
				ALWAYS_SEARCH_USER_PATHS = NO;
				CLANG_CXX_LANGUAGE_STANDARD = "gnu++0x";
				CLANG_CXX_LIBRARY = "libc++";
				CLANG_ENABLE_MODULES = YES;
				CLANG_ENABLE_OBJC_ARC = YES;
				CLANG_WARN_BOOL_CONVERSION = YES;
				CLANG_WARN_CONSTANT_CONVERSION = YES;
				CLANG_WARN_DIRECT_OBJC_ISA_USAGE = YES_ERROR;
				CLANG_WARN_EMPTY_BODY = YES;
				CLANG_WARN_ENUM_CONVERSION = YES;
				CLANG_WARN_INT_CONVERSION = YES;
				CLANG_WARN_OBJC_ROOT_CLASS = YES_ERROR;
				CLANG_WARN_UNREACHABLE_CODE = YES;
				CLANG_WARN__DUPLICATE_METHOD_MATCH = YES;
				"CODE_SIGN_IDENTITY[sdk=iphoneos*]" = "iPhone Developer";
				COPY_PHASE_STRIP = NO;
				DEBUG_INFORMATION_FORMAT = dwarf;
				ENABLE_STRICT_OBJC_MSGSEND = YES;
				GCC_C_LANGUAGE_STANDARD = gnu99;
				GCC_DYNAMIC_NO_PIC = NO;
				GCC_NO_COMMON_BLOCKS = YES;
				GCC_OPTIMIZATION_LEVEL = 0;
				GCC_PREPROCESSOR_DEFINITIONS = (
					"DEBUG=1",
					"$(inherited)",
				);
				GCC_SYMBOLS_PRIVATE_EXTERN = NO;
				GCC_WARN_64_TO_32_BIT_CONVERSION = YES;
				GCC_WARN_ABOUT_RETURN_TYPE = YES_ERROR;
				GCC_WARN_UNDECLARED_SELECTOR = YES;
				GCC_WARN_UNINITIALIZED_AUTOS = YES_AGGRESSIVE;
				GCC_WARN_UNUSED_FUNCTION = YES;
				GCC_WARN_UNUSED_VARIABLE = YES;
				IPHONEOS_DEPLOYMENT_TARGET = 8.1;
				MTL_ENABLE_DEBUG_INFO = YES;
				ONLY_ACTIVE_ARCH = YES;
				SDKROOT = iphoneos;
				SWIFT_OPTIMIZATION_LEVEL = "-Onone";
			};
			name = Debug;
		};
		114200FF1A9FC2F900DB5B11 /* Release */ = {
			isa = XCBuildConfiguration;
			buildSettings = {
				ALWAYS_SEARCH_USER_PATHS = NO;
				CLANG_CXX_LANGUAGE_STANDARD = "gnu++0x";
				CLANG_CXX_LIBRARY = "libc++";
				CLANG_ENABLE_MODULES = YES;
				CLANG_ENABLE_OBJC_ARC = YES;
				CLANG_WARN_BOOL_CONVERSION = YES;
				CLANG_WARN_CONSTANT_CONVERSION = YES;
				CLANG_WARN_DIRECT_OBJC_ISA_USAGE = YES_ERROR;
				CLANG_WARN_EMPTY_BODY = YES;
				CLANG_WARN_ENUM_CONVERSION = YES;
				CLANG_WARN_INT_CONVERSION = YES;
				CLANG_WARN_OBJC_ROOT_CLASS = YES_ERROR;
				CLANG_WARN_UNREACHABLE_CODE = YES;
				CLANG_WARN__DUPLICATE_METHOD_MATCH = YES;
				"CODE_SIGN_IDENTITY[sdk=iphoneos*]" = "iPhone Developer";
				COPY_PHASE_STRIP = NO;
				DEBUG_INFORMATION_FORMAT = "dwarf-with-dsym";
				ENABLE_NS_ASSERTIONS = NO;
				ENABLE_STRICT_OBJC_MSGSEND = YES;
				GCC_C_LANGUAGE_STANDARD = gnu99;
				GCC_NO_COMMON_BLOCKS = YES;
				GCC_WARN_64_TO_32_BIT_CONVERSION = YES;
				GCC_WARN_ABOUT_RETURN_TYPE = YES_ERROR;
				GCC_WARN_UNDECLARED_SELECTOR = YES;
				GCC_WARN_UNINITIALIZED_AUTOS = YES_AGGRESSIVE;
				GCC_WARN_UNUSED_FUNCTION = YES;
				GCC_WARN_UNUSED_VARIABLE = YES;
				IPHONEOS_DEPLOYMENT_TARGET = 8.1;
				MTL_ENABLE_DEBUG_INFO = NO;
				SDKROOT = iphoneos;
				VALIDATE_PRODUCT = YES;
			};
			name = Release;
		};
		114201011A9FC2F900DB5B11 /* Debug */ = {
			isa = XCBuildConfiguration;
			buildSettings = {
				ASSETCATALOG_COMPILER_APPICON_NAME = AppIcon;
				ASSETCATALOG_COMPILER_LAUNCHIMAGE_NAME = LaunchImage;
				CODE_SIGN_IDENTITY = "iPhone Distribution";
				"CODE_SIGN_IDENTITY[sdk=iphoneos*]" = "iPhone Distribution";
				INFOPLIST_FILE = "$(SRCROOT)/HackCam/Info.plist";
				IPHONEOS_DEPLOYMENT_TARGET = 8.1;
				LD_RUNPATH_SEARCH_PATHS = "$(inherited) @executable_path/Frameworks";
				PRODUCT_NAME = HackCam;
				PROVISIONING_PROFILE = "";
			};
			name = Debug;
		};
		114201021A9FC2F900DB5B11 /* Release */ = {
			isa = XCBuildConfiguration;
			buildSettings = {
				ASSETCATALOG_COMPILER_APPICON_NAME = AppIcon;
				ASSETCATALOG_COMPILER_LAUNCHIMAGE_NAME = LaunchImage;
				CODE_SIGN_IDENTITY = "iPhone Distribution";
				"CODE_SIGN_IDENTITY[sdk=iphoneos*]" = "iPhone Distribution";
				INFOPLIST_FILE = "$(SRCROOT)/HackCam/Info.plist";
				IPHONEOS_DEPLOYMENT_TARGET = 8.1;
				LD_RUNPATH_SEARCH_PATHS = "$(inherited) @executable_path/Frameworks";
				PRODUCT_NAME = HackCam;
				PROVISIONING_PROFILE = "";
			};
			name = Release;
		};
/* End XCBuildConfiguration section */

/* Begin XCConfigurationList section */
		114200DC1A9FC2F900DB5B11 /* Build configuration list for PBXProject "HackCam" */ = {
			isa = XCConfigurationList;
			buildConfigurations = (
				114200FE1A9FC2F900DB5B11 /* Debug */,
				114200FF1A9FC2F900DB5B11 /* Release */,
			);
			defaultConfigurationIsVisible = 0;
			defaultConfigurationName = Release;
		};
		114201001A9FC2F900DB5B11 /* Build configuration list for PBXNativeTarget "HackCam" */ = {
			isa = XCConfigurationList;
			buildConfigurations = (
				114201011A9FC2F900DB5B11 /* Debug */,
				114201021A9FC2F900DB5B11 /* Release */,
			);
			defaultConfigurationIsVisible = 0;
			defaultConfigurationName = Release;
		};
/* End XCConfigurationList section */
	};
	rootObject = 114200D91A9FC2F900DB5B11 /* Project object */;
}
